{
  "nodes": {
    "battery_widget-master": {
      "inputs": {
        "flakeNimbleLib": [
          "flakeNimbleLib"
        ],
        "nixpkgs": [
          "nixpkgs"
        ],
        "src-battery_widget-master": "src-battery_widget-master"
      },
      "locked": {
        "dir": "master",
        "lastModified": 1662254363,
        "narHash": "sha256-iSohcpb+oBeCnnJnfLRypQm0CIGOhbvB900Z4fbBteg=",
        "owner": "nim-nix-pkgs",
        "repo": "battery_widget",
        "rev": "9f9cc738e9308671227f3e908100ffcb8ffa9728",
        "type": "github"
      },
      "original": {
        "dir": "master",
        "owner": "nim-nix-pkgs",
        "ref": "master",
        "repo": "battery_widget",
        "type": "github"
      }
    },
    "flakeNimbleLib": {
      "inputs": {
        "nixpkgs": [
          "nixpkgs"
        ]
      },
      "locked": {
        "lastModified": 1662018438,
        "narHash": "sha256-QtNtU6+LX3Wokxf0zlFwKTFOcn6TeDjKQZ+DA9OYtvM=",
        "owner": "riinr",
        "repo": "nim-flakes-lib",
        "rev": "b1fe8340736e3a85d25c709ac3dfd82a55c03cbf",
        "type": "github"
      },
      "original": {
        "owner": "riinr",
        "ref": "master",
        "repo": "nim-flakes-lib",
        "type": "github"
      }
    },
    "nixpkgs": {
      "locked": {
        "lastModified": 1667110639,
        "narHash": "sha256-4FbPESZ5LbqQxkJJJBAfk/zKgF9h/4kyUwjjpJwYlbc=",
        "owner": "NixOS",
        "repo": "nixpkgs",
        "rev": "f38a1f04d1bec1feb61fd101a0539ae2002a7087",
        "type": "github"
      },
      "original": {
        "id": "nixpkgs",
        "type": "indirect"
      }
    },
    "root": {
      "inputs": {
        "battery_widget-master": "battery_widget-master",
        "flakeNimbleLib": "flakeNimbleLib",
        "nixpkgs": "nixpkgs"
      }
    },
    "src-battery_widget-master": {
      "flake": false,
      "locked": {
        "lastModified": 1597682600,
        "narHash": "sha256-1XYSE0t0xqXoEmb7HMPmfy0HVEoeyqmwf1J7ahRB4v4=",
        "owner": "Cu7ious",
        "repo": "nim-battery-widget",
        "rev": "28fc15f6df089d809129427a709e4d1962528318",
        "type": "github"
      },
      "original": {
        "owner": "Cu7ious",
        "ref": "refs/heads/master",
        "repo": "nim-battery-widget",
        "type": "github"
      }
    }
  },
  "root": "root",
  "version": 7
}
